// !$*UTF8*$!
{
	archiveVersion = 1;
	classes = {
	};
	objectVersion = 51;
	objects = {

/* Begin PBXBuildFile section */
		1EAF6D4668FD72F2E806341F /* Pods_VK_friend_list.framework in Frameworks */ = {isa = PBXBuildFile; fileRef = F97C11D59EE0F43133012A8D /* Pods_VK_friend_list.framework */; };
		E75C17CC22BB38A900E583B4 /* AppDelegate.swift in Sources */ = {isa = PBXBuildFile; fileRef = E75C17CB22BB38A900E583B4 /* AppDelegate.swift */; };
		E75C17CE22BB38A900E583B4 /* LoginViewController.swift in Sources */ = {isa = PBXBuildFile; fileRef = E75C17CD22BB38A900E583B4 /* LoginViewController.swift */; };
		E75C17D122BB38A900E583B4 /* Main.storyboard in Resources */ = {isa = PBXBuildFile; fileRef = E75C17CF22BB38A900E583B4 /* Main.storyboard */; };
		E75C17D322BB38AB00E583B4 /* Assets.xcassets in Resources */ = {isa = PBXBuildFile; fileRef = E75C17D222BB38AB00E583B4 /* Assets.xcassets */; };
		E75C17D622BB38AB00E583B4 /* LaunchScreen.storyboard in Resources */ = {isa = PBXBuildFile; fileRef = E75C17D422BB38AB00E583B4 /* LaunchScreen.storyboard */; };
		E75C17E122BB3C5C00E583B4 /* ListViewController.swift in Sources */ = {isa = PBXBuildFile; fileRef = E75C17E022BB3C5C00E583B4 /* ListViewController.swift */; };
		E75C17E422BC0ADC00E583B4 /* NetworkServiceConfiguration.swift in Sources */ = {isa = PBXBuildFile; fileRef = E75C17E322BC0ADC00E583B4 /* NetworkServiceConfiguration.swift */; };
		E75C17E622BC0C7200E583B4 /* NetworkService.swift in Sources */ = {isa = PBXBuildFile; fileRef = E75C17E522BC0C7200E583B4 /* NetworkService.swift */; };
		E75C17E822BC161F00E583B4 /* WebKit.framework in Frameworks */ = {isa = PBXBuildFile; fileRef = E75C17E722BC161F00E583B4 /* WebKit.framework */; };
		E7E475B022BC8B9D00B1C3D6 /* Endpoint.swift in Sources */ = {isa = PBXBuildFile; fileRef = E7E475AF22BC8B9D00B1C3D6 /* Endpoint.swift */; };
		E7E475B322BC93E000B1C3D6 /* UserAccessData.swift in Sources */ = {isa = PBXBuildFile; fileRef = E7E475B222BC93E000B1C3D6 /* UserAccessData.swift */; };
		E7E475B622BD666B00B1C3D6 /* Identifier.swift in Sources */ = {isa = PBXBuildFile; fileRef = E7E475B522BD666B00B1C3D6 /* Identifier.swift */; };
		E7E475BC22BE184A00B1C3D6 /* AutorizationPathConfiguration.swift in Sources */ = {isa = PBXBuildFile; fileRef = E7E475BB22BE184A00B1C3D6 /* AutorizationPathConfiguration.swift */; };
		E7E475BF22BE1CCF00B1C3D6 /* FriendCell.swift in Sources */ = {isa = PBXBuildFile; fileRef = E7E475BE22BE1CCF00B1C3D6 /* FriendCell.swift */; };
		E7E475C222BF9F9400B1C3D6 /* User.swift in Sources */ = {isa = PBXBuildFile; fileRef = E7E475C122BF9F9400B1C3D6 /* User.swift */; };
		E7E475C422BFAB5F00B1C3D6 /* RequestResult.swift in Sources */ = {isa = PBXBuildFile; fileRef = E7E475C322BFAB5F00B1C3D6 /* RequestResult.swift */; };
		E7E475C622BFB8B300B1C3D6 /* RequestError.swift in Sources */ = {isa = PBXBuildFile; fileRef = E7E475C522BFB8B300B1C3D6 /* RequestError.swift */; };
/* End PBXBuildFile section */

/* Begin PBXFileReference section */
		844351EC4A0D2D54D8416D4A /* Pods-VK friend list.release.xcconfig */ = {isa = PBXFileReference; includeInIndex = 1; lastKnownFileType = text.xcconfig; name = "Pods-VK friend list.release.xcconfig"; path = "Target Support Files/Pods-VK friend list/Pods-VK friend list.release.xcconfig"; sourceTree = "<group>"; };
		C7DFB7EE81B72674B5C5056B /* Pods-VK friend list.debug.xcconfig */ = {isa = PBXFileReference; includeInIndex = 1; lastKnownFileType = text.xcconfig; name = "Pods-VK friend list.debug.xcconfig"; path = "Target Support Files/Pods-VK friend list/Pods-VK friend list.debug.xcconfig"; sourceTree = "<group>"; };
		E75C17C822BB38A900E583B4 /* VK friend list.app */ = {isa = PBXFileReference; explicitFileType = wrapper.application; includeInIndex = 0; path = "VK friend list.app"; sourceTree = BUILT_PRODUCTS_DIR; };
		E75C17CB22BB38A900E583B4 /* AppDelegate.swift */ = {isa = PBXFileReference; lastKnownFileType = sourcecode.swift; path = AppDelegate.swift; sourceTree = "<group>"; };
		E75C17CD22BB38A900E583B4 /* LoginViewController.swift */ = {isa = PBXFileReference; lastKnownFileType = sourcecode.swift; path = LoginViewController.swift; sourceTree = "<group>"; };
		E75C17D022BB38A900E583B4 /* Base */ = {isa = PBXFileReference; lastKnownFileType = file.storyboard; name = Base; path = Base.lproj/Main.storyboard; sourceTree = "<group>"; };
		E75C17D222BB38AB00E583B4 /* Assets.xcassets */ = {isa = PBXFileReference; lastKnownFileType = folder.assetcatalog; path = Assets.xcassets; sourceTree = "<group>"; };
		E75C17D522BB38AB00E583B4 /* Base */ = {isa = PBXFileReference; lastKnownFileType = file.storyboard; name = Base; path = Base.lproj/LaunchScreen.storyboard; sourceTree = "<group>"; };
		E75C17D722BB38AB00E583B4 /* Info.plist */ = {isa = PBXFileReference; lastKnownFileType = text.plist.xml; path = Info.plist; sourceTree = "<group>"; };
		E75C17E022BB3C5C00E583B4 /* ListViewController.swift */ = {isa = PBXFileReference; lastKnownFileType = sourcecode.swift; path = ListViewController.swift; sourceTree = "<group>"; };
		E75C17E322BC0ADC00E583B4 /* NetworkServiceConfiguration.swift */ = {isa = PBXFileReference; lastKnownFileType = sourcecode.swift; path = NetworkServiceConfiguration.swift; sourceTree = "<group>"; };
		E75C17E522BC0C7200E583B4 /* NetworkService.swift */ = {isa = PBXFileReference; lastKnownFileType = sourcecode.swift; path = NetworkService.swift; sourceTree = "<group>"; };
		E75C17E722BC161F00E583B4 /* WebKit.framework */ = {isa = PBXFileReference; lastKnownFileType = wrapper.framework; name = WebKit.framework; path = System/Library/Frameworks/WebKit.framework; sourceTree = SDKROOT; };
		E7E475AF22BC8B9D00B1C3D6 /* Endpoint.swift */ = {isa = PBXFileReference; lastKnownFileType = sourcecode.swift; path = Endpoint.swift; sourceTree = "<group>"; };
		E7E475B222BC93E000B1C3D6 /* UserAccessData.swift */ = {isa = PBXFileReference; lastKnownFileType = sourcecode.swift; path = UserAccessData.swift; sourceTree = "<group>"; };
		E7E475B522BD666B00B1C3D6 /* Identifier.swift */ = {isa = PBXFileReference; lastKnownFileType = sourcecode.swift; path = Identifier.swift; sourceTree = "<group>"; };
		E7E475BB22BE184A00B1C3D6 /* AutorizationPathConfiguration.swift */ = {isa = PBXFileReference; fileEncoding = 4; lastKnownFileType = sourcecode.swift; path = AutorizationPathConfiguration.swift; sourceTree = "<group>"; };
		E7E475BE22BE1CCF00B1C3D6 /* FriendCell.swift */ = {isa = PBXFileReference; lastKnownFileType = sourcecode.swift; path = FriendCell.swift; sourceTree = "<group>"; };
		E7E475C122BF9F9400B1C3D6 /* User.swift */ = {isa = PBXFileReference; lastKnownFileType = sourcecode.swift; path = User.swift; sourceTree = "<group>"; };
		E7E475C322BFAB5F00B1C3D6 /* RequestResult.swift */ = {isa = PBXFileReference; lastKnownFileType = sourcecode.swift; path = RequestResult.swift; sourceTree = "<group>"; };
		E7E475C522BFB8B300B1C3D6 /* RequestError.swift */ = {isa = PBXFileReference; lastKnownFileType = sourcecode.swift; path = RequestError.swift; sourceTree = "<group>"; };
		F97C11D59EE0F43133012A8D /* Pods_VK_friend_list.framework */ = {isa = PBXFileReference; explicitFileType = wrapper.framework; includeInIndex = 0; path = Pods_VK_friend_list.framework; sourceTree = BUILT_PRODUCTS_DIR; };
/* End PBXFileReference section */

/* Begin PBXFrameworksBuildPhase section */
		E75C17C522BB38A900E583B4 /* Frameworks */ = {
			isa = PBXFrameworksBuildPhase;
			buildActionMask = 2147483647;
			files = (
				E75C17E822BC161F00E583B4 /* WebKit.framework in Frameworks */,
				1EAF6D4668FD72F2E806341F /* Pods_VK_friend_list.framework in Frameworks */,
			);
			runOnlyForDeploymentPostprocessing = 0;
		};
/* End PBXFrameworksBuildPhase section */

/* Begin PBXGroup section */
		02AD09DFE204A533ED97A810 /* Pods */ = {
			isa = PBXGroup;
			children = (
				C7DFB7EE81B72674B5C5056B /* Pods-VK friend list.debug.xcconfig */,
				844351EC4A0D2D54D8416D4A /* Pods-VK friend list.release.xcconfig */,
			);
			path = Pods;
			sourceTree = "<group>";
		};
		43AE653FBDB3450E57DBFF88 /* Frameworks */ = {
			isa = PBXGroup;
			children = (
				E75C17E722BC161F00E583B4 /* WebKit.framework */,
				F97C11D59EE0F43133012A8D /* Pods_VK_friend_list.framework */,
			);
			name = Frameworks;
			sourceTree = "<group>";
		};
		E75C17BF22BB38A900E583B4 = {
			isa = PBXGroup;
			children = (
				E75C17CA22BB38A900E583B4 /* VK friend list */,
				E75C17C922BB38A900E583B4 /* Products */,
				02AD09DFE204A533ED97A810 /* Pods */,
				43AE653FBDB3450E57DBFF88 /* Frameworks */,
			);
			sourceTree = "<group>";
		};
		E75C17C922BB38A900E583B4 /* Products */ = {
			isa = PBXGroup;
			children = (
				E75C17C822BB38A900E583B4 /* VK friend list.app */,
			);
			name = Products;
			sourceTree = "<group>";
		};
		E75C17CA22BB38A900E583B4 /* VK friend list */ = {
			isa = PBXGroup;
			children = (
				E7E475BD22BE1CB700B1C3D6 /* Views */,
				E7E475B422BD662D00B1C3D6 /* Source */,
				E7E475B122BC93D300B1C3D6 /* Models */,
				E75C17E222BC0A9A00E583B4 /* NetworkService */,
				E75C17DD22BB38B900E583B4 /* Application */,
				E75C17DE22BB38C400E583B4 /* Controllers */,
				E75C17DF22BB38D200E583B4 /* Storyboard */,
				E75C17D222BB38AB00E583B4 /* Assets.xcassets */,
				E75C17D722BB38AB00E583B4 /* Info.plist */,
			);
			path = "VK friend list";
			sourceTree = "<group>";
		};
		E75C17DD22BB38B900E583B4 /* Application */ = {
			isa = PBXGroup;
			children = (
				E75C17CB22BB38A900E583B4 /* AppDelegate.swift */,
			);
			path = Application;
			sourceTree = "<group>";
		};
		E75C17DE22BB38C400E583B4 /* Controllers */ = {
			isa = PBXGroup;
			children = (
				E75C17CD22BB38A900E583B4 /* LoginViewController.swift */,
				E75C17E022BB3C5C00E583B4 /* ListViewController.swift */,
			);
			path = Controllers;
			sourceTree = "<group>";
		};
		E75C17DF22BB38D200E583B4 /* Storyboard */ = {
			isa = PBXGroup;
			children = (
				E75C17CF22BB38A900E583B4 /* Main.storyboard */,
				E75C17D422BB38AB00E583B4 /* LaunchScreen.storyboard */,
			);
			path = Storyboard;
			sourceTree = "<group>";
		};
		E75C17E222BC0A9A00E583B4 /* NetworkService */ = {
			isa = PBXGroup;
			children = (
				E7E475BB22BE184A00B1C3D6 /* AutorizationPathConfiguration.swift */,
				E75C17E322BC0ADC00E583B4 /* NetworkServiceConfiguration.swift */,
				E75C17E522BC0C7200E583B4 /* NetworkService.swift */,
				E7E475AF22BC8B9D00B1C3D6 /* Endpoint.swift */,
				E7E475C322BFAB5F00B1C3D6 /* RequestResult.swift */,
				E7E475C522BFB8B300B1C3D6 /* RequestError.swift */,
			);
			path = NetworkService;
			sourceTree = "<group>";
		};
		E7E475B122BC93D300B1C3D6 /* Models */ = {
			isa = PBXGroup;
			children = (
				E7E475C022BF9E8200B1C3D6 /* Decode models */,
				E7E475B822BD701400B1C3D6 /* ViewModels */,
				E7E475B722BD700900B1C3D6 /* Models */,
			);
			path = Models;
			sourceTree = "<group>";
		};
		E7E475B422BD662D00B1C3D6 /* Source */ = {
			isa = PBXGroup;
			children = (
				E7E475B522BD666B00B1C3D6 /* Identifier.swift */,
			);
			path = Source;
			sourceTree = "<group>";
		};
		E7E475B722BD700900B1C3D6 /* Models */ = {
			isa = PBXGroup;
			children = (
				E7E475B222BC93E000B1C3D6 /* UserAccessData.swift */,
			);
			path = Models;
			sourceTree = "<group>";
		};
		E7E475B822BD701400B1C3D6 /* ViewModels */ = {
			isa = PBXGroup;
			children = (
			);
			path = ViewModels;
			sourceTree = "<group>";
		};
		E7E475BD22BE1CB700B1C3D6 /* Views */ = {
			isa = PBXGroup;
			children = (
				E7E475BE22BE1CCF00B1C3D6 /* FriendCell.swift */,
			);
			path = Views;
			sourceTree = "<group>";
		};
		E7E475C022BF9E8200B1C3D6 /* Decode models */ = {
			isa = PBXGroup;
			children = (
				E7E475C122BF9F9400B1C3D6 /* User.swift */,
			);
			path = "Decode models";
			sourceTree = "<group>";
		};
/* End PBXGroup section */

/* Begin PBXNativeTarget section */
		E75C17C722BB38A900E583B4 /* VK friend list */ = {
			isa = PBXNativeTarget;
			buildConfigurationList = E75C17DA22BB38AB00E583B4 /* Build configuration list for PBXNativeTarget "VK friend list" */;
			buildPhases = (
				F35389428F1E279CA2C83788 /* [CP] Check Pods Manifest.lock */,
				E75C17C422BB38A900E583B4 /* Sources */,
				E75C17C522BB38A900E583B4 /* Frameworks */,
				E75C17C622BB38A900E583B4 /* Resources */,
				2406ACB68EC3184D8ED3745C /* [CP] Embed Pods Frameworks */,
			);
			buildRules = (
			);
			dependencies = (
			);
			name = "VK friend list";
			productName = "VK friend list";
			productReference = E75C17C822BB38A900E583B4 /* VK friend list.app */;
			productType = "com.apple.product-type.application";
		};
/* End PBXNativeTarget section */

/* Begin PBXProject section */
		E75C17C022BB38A900E583B4 /* Project object */ = {
			isa = PBXProject;
			attributes = {
				LastSwiftUpdateCheck = 1020;
				LastUpgradeCheck = 1020;
				ORGANIZATIONNAME = VladimirYakutin;
				TargetAttributes = {
					E75C17C722BB38A900E583B4 = {
						CreatedOnToolsVersion = 10.2.1;
					};
				};
			};
			buildConfigurationList = E75C17C322BB38A900E583B4 /* Build configuration list for PBXProject "VK friend list" */;
			compatibilityVersion = "Xcode 9.3";
			developmentRegion = en;
			hasScannedForEncodings = 0;
			knownRegions = (
				en,
				Base,
			);
			mainGroup = E75C17BF22BB38A900E583B4;
			productRefGroup = E75C17C922BB38A900E583B4 /* Products */;
			projectDirPath = "";
			projectRoot = "";
			targets = (
				E75C17C722BB38A900E583B4 /* VK friend list */,
			);
		};
/* End PBXProject section */

/* Begin PBXResourcesBuildPhase section */
		E75C17C622BB38A900E583B4 /* Resources */ = {
			isa = PBXResourcesBuildPhase;
			buildActionMask = 2147483647;
			files = (
				E75C17D622BB38AB00E583B4 /* LaunchScreen.storyboard in Resources */,
				E75C17D322BB38AB00E583B4 /* Assets.xcassets in Resources */,
				E75C17D122BB38A900E583B4 /* Main.storyboard in Resources */,
			);
			runOnlyForDeploymentPostprocessing = 0;
		};
/* End PBXResourcesBuildPhase section */

/* Begin PBXShellScriptBuildPhase section */
		2406ACB68EC3184D8ED3745C /* [CP] Embed Pods Frameworks */ = {
			isa = PBXShellScriptBuildPhase;
			buildActionMask = 2147483647;
			files = (
			);
			inputFileListPaths = (
				"${PODS_ROOT}/Target Support Files/Pods-VK friend list/Pods-VK friend list-frameworks-${CONFIGURATION}-input-files.xcfilelist",
			);
			name = "[CP] Embed Pods Frameworks";
			outputFileListPaths = (
				"${PODS_ROOT}/Target Support Files/Pods-VK friend list/Pods-VK friend list-frameworks-${CONFIGURATION}-output-files.xcfilelist",
			);
			runOnlyForDeploymentPostprocessing = 0;
			shellPath = /bin/sh;
			shellScript = "\"${PODS_ROOT}/Target Support Files/Pods-VK friend list/Pods-VK friend list-frameworks.sh\"\n";
			showEnvVarsInLog = 0;
		};
		F35389428F1E279CA2C83788 /* [CP] Check Pods Manifest.lock */ = {
			isa = PBXShellScriptBuildPhase;
			buildActionMask = 2147483647;
			files = (
			);
			inputFileListPaths = (
			);
			inputPaths = (
				"${PODS_PODFILE_DIR_PATH}/Podfile.lock",
				"${PODS_ROOT}/Manifest.lock",
			);
			name = "[CP] Check Pods Manifest.lock";
			outputFileListPaths = (
			);
			outputPaths = (
				"$(DERIVED_FILE_DIR)/Pods-VK friend list-checkManifestLockResult.txt",
			);
			runOnlyForDeploymentPostprocessing = 0;
			shellPath = /bin/sh;
			shellScript = "diff \"${PODS_PODFILE_DIR_PATH}/Podfile.lock\" \"${PODS_ROOT}/Manifest.lock\" > /dev/null\nif [ $? != 0 ] ; then\n    # print error to STDERR\n    echo \"error: The sandbox is not in sync with the Podfile.lock. Run 'pod install' or update your CocoaPods installation.\" >&2\n    exit 1\nfi\n# This output is used by Xcode 'outputs' to avoid re-running this script phase.\necho \"SUCCESS\" > \"${SCRIPT_OUTPUT_FILE_0}\"\n";
			showEnvVarsInLog = 0;
		};
/* End PBXShellScriptBuildPhase section */

/* Begin PBXSourcesBuildPhase section */
		E75C17C422BB38A900E583B4 /* Sources */ = {
			isa = PBXSourcesBuildPhase;
			buildActionMask = 2147483647;
			files = (
				E7E475BC22BE184A00B1C3D6 /* AutorizationPathConfiguration.swift in Sources */,
				E7E475B322BC93E000B1C3D6 /* UserAccessData.swift in Sources */,
				E75C17E622BC0C7200E583B4 /* NetworkService.swift in Sources */,
				E75C17CE22BB38A900E583B4 /* LoginViewController.swift in Sources */,
				E75C17E422BC0ADC00E583B4 /* NetworkServiceConfiguration.swift in Sources */,
				E75C17CC22BB38A900E583B4 /* AppDelegate.swift in Sources */,
				E7E475C422BFAB5F00B1C3D6 /* RequestResult.swift in Sources */,
				E7E475B022BC8B9D00B1C3D6 /* Endpoint.swift in Sources */,
				E7E475B622BD666B00B1C3D6 /* Identifier.swift in Sources */,
				E7E475C622BFB8B300B1C3D6 /* RequestError.swift in Sources */,
				E75C17E122BB3C5C00E583B4 /* ListViewController.swift in Sources */,
				E7E475BF22BE1CCF00B1C3D6 /* FriendCell.swift in Sources */,
				E7E475C222BF9F9400B1C3D6 /* User.swift in Sources */,
			);
			runOnlyForDeploymentPostprocessing = 0;
		};
/* End PBXSourcesBuildPhase section */

/* Begin PBXVariantGroup section */
		E75C17CF22BB38A900E583B4 /* Main.storyboard */ = {
			isa = PBXVariantGroup;
			children = (
				E75C17D022BB38A900E583B4 /* Base */,
			);
			name = Main.storyboard;
			sourceTree = "<group>";
		};
		E75C17D422BB38AB00E583B4 /* LaunchScreen.storyboard */ = {
			isa = PBXVariantGroup;
			children = (
				E75C17D522BB38AB00E583B4 /* Base */,
			);
			name = LaunchScreen.storyboard;
			sourceTree = "<group>";
		};
/* End PBXVariantGroup section */

/* Begin XCBuildConfiguration section */
		E75C17D822BB38AB00E583B4 /* Debug */ = {
			isa = XCBuildConfiguration;
			buildSettings = {
				ALWAYS_SEARCH_USER_PATHS = NO;
				CLANG_ANALYZER_NONNULL = YES;
				CLANG_ANALYZER_NUMBER_OBJECT_CONVERSION = YES_AGGRESSIVE;
				CLANG_CXX_LANGUAGE_STANDARD = "gnu++14";
				CLANG_CXX_LIBRARY = "libc++";
				CLANG_ENABLE_MODULES = YES;
				CLANG_ENABLE_OBJC_ARC = YES;
				CLANG_ENABLE_OBJC_WEAK = YES;
				CLANG_WARN_BLOCK_CAPTURE_AUTORELEASING = YES;
				CLANG_WARN_BOOL_CONVERSION = YES;
				CLANG_WARN_COMMA = YES;
				CLANG_WARN_CONSTANT_CONVERSION = YES;
				CLANG_WARN_DEPRECATED_OBJC_IMPLEMENTATIONS = YES;
				CLANG_WARN_DIRECT_OBJC_ISA_USAGE = YES_ERROR;
				CLANG_WARN_DOCUMENTATION_COMMENTS = YES;
				CLANG_WARN_EMPTY_BODY = YES;
				CLANG_WARN_ENUM_CONVERSION = YES;
				CLANG_WARN_INFINITE_RECURSION = YES;
				CLANG_WARN_INT_CONVERSION = YES;
				CLANG_WARN_NON_LITERAL_NULL_CONVERSION = YES;
				CLANG_WARN_OBJC_IMPLICIT_RETAIN_SELF = YES;
				CLANG_WARN_OBJC_LITERAL_CONVERSION = YES;
				CLANG_WARN_OBJC_ROOT_CLASS = YES_ERROR;
				CLANG_WARN_RANGE_LOOP_ANALYSIS = YES;
				CLANG_WARN_STRICT_PROTOTYPES = YES;
				CLANG_WARN_SUSPICIOUS_MOVE = YES;
				CLANG_WARN_UNGUARDED_AVAILABILITY = YES_AGGRESSIVE;
				CLANG_WARN_UNREACHABLE_CODE = YES;
				CLANG_WARN__DUPLICATE_METHOD_MATCH = YES;
				CODE_SIGN_IDENTITY = "iPhone Developer";
				COPY_PHASE_STRIP = NO;
				DEBUG_INFORMATION_FORMAT = dwarf;
				ENABLE_STRICT_OBJC_MSGSEND = YES;
				ENABLE_TESTABILITY = YES;
				GCC_C_LANGUAGE_STANDARD = gnu11;
				GCC_DYNAMIC_NO_PIC = NO;
				GCC_NO_COMMON_BLOCKS = YES;
				GCC_OPTIMIZATION_LEVEL = 0;
				GCC_PREPROCESSOR_DEFINITIONS = (
					"DEBUG=1",
					"$(inherited)",
				);
				GCC_WARN_64_TO_32_BIT_CONVERSION = YES;
				GCC_WARN_ABOUT_RETURN_TYPE = YES_ERROR;
				GCC_WARN_UNDECLARED_SELECTOR = YES;
				GCC_WARN_UNINITIALIZED_AUTOS = YES_AGGRESSIVE;
				GCC_WARN_UNUSED_FUNCTION = YES;
				GCC_WARN_UNUSED_VARIABLE = YES;
				IPHONEOS_DEPLOYMENT_TARGET = 12.2;
				MTL_ENABLE_DEBUG_INFO = INCLUDE_SOURCE;
				MTL_FAST_MATH = YES;
				ONLY_ACTIVE_ARCH = YES;
				SDKROOT = iphoneos;
				SWIFT_ACTIVE_COMPILATION_CONDITIONS = DEBUG;
				SWIFT_OPTIMIZATION_LEVEL = "-Onone";
			};
			name = Debug;
		};
		E75C17D922BB38AB00E583B4 /* Release */ = {
			isa = XCBuildConfiguration;
			buildSettings = {
				ALWAYS_SEARCH_USER_PATHS = NO;
				CLANG_ANALYZER_NONNULL = YES;
				CLANG_ANALYZER_NUMBER_OBJECT_CONVERSION = YES_AGGRESSIVE;
				CLANG_CXX_LANGUAGE_STANDARD = "gnu++14";
				CLANG_CXX_LIBRARY = "libc++";
				CLANG_ENABLE_MODULES = YES;
				CLANG_ENABLE_OBJC_ARC = YES;
				CLANG_ENABLE_OBJC_WEAK = YES;
				CLANG_WARN_BLOCK_CAPTURE_AUTORELEASING = YES;
				CLANG_WARN_BOOL_CONVERSION = YES;
				CLANG_WARN_COMMA = YES;
				CLANG_WARN_CONSTANT_CONVERSION = YES;
				CLANG_WARN_DEPRECATED_OBJC_IMPLEMENTATIONS = YES;
				CLANG_WARN_DIRECT_OBJC_ISA_USAGE = YES_ERROR;
				CLANG_WARN_DOCUMENTATION_COMMENTS = YES;
				CLANG_WARN_EMPTY_BODY = YES;
				CLANG_WARN_ENUM_CONVERSION = YES;
				CLANG_WARN_INFINITE_RECURSION = YES;
				CLANG_WARN_INT_CONVERSION = YES;
				CLANG_WARN_NON_LITERAL_NULL_CONVERSION = YES;
				CLANG_WARN_OBJC_IMPLICIT_RETAIN_SELF = YES;
				CLANG_WARN_OBJC_LITERAL_CONVERSION = YES;
				CLANG_WARN_OBJC_ROOT_CLASS = YES_ERROR;
				CLANG_WARN_RANGE_LOOP_ANALYSIS = YES;
				CLANG_WARN_STRICT_PROTOTYPES = YES;
				CLANG_WARN_SUSPICIOUS_MOVE = YES;
				CLANG_WARN_UNGUARDED_AVAILABILITY = YES_AGGRESSIVE;
				CLANG_WARN_UNREACHABLE_CODE = YES;
				CLANG_WARN__DUPLICATE_METHOD_MATCH = YES;
				CODE_SIGN_IDENTITY = "iPhone Developer";
				COPY_PHASE_STRIP = NO;
				DEBUG_INFORMATION_FORMAT = "dwarf-with-dsym";
				ENABLE_NS_ASSERTIONS = NO;
				ENABLE_STRICT_OBJC_MSGSEND = YES;
				GCC_C_LANGUAGE_STANDARD = gnu11;
				GCC_NO_COMMON_BLOCKS = YES;
				GCC_WARN_64_TO_32_BIT_CONVERSION = YES;
				GCC_WARN_ABOUT_RETURN_TYPE = YES_ERROR;
				GCC_WARN_UNDECLARED_SELECTOR = YES;
				GCC_WARN_UNINITIALIZED_AUTOS = YES_AGGRESSIVE;
				GCC_WARN_UNUSED_FUNCTION = YES;
				GCC_WARN_UNUSED_VARIABLE = YES;
				IPHONEOS_DEPLOYMENT_TARGET = 12.2;
				MTL_ENABLE_DEBUG_INFO = NO;
				MTL_FAST_MATH = YES;
				SDKROOT = iphoneos;
				SWIFT_COMPILATION_MODE = wholemodule;
				SWIFT_OPTIMIZATION_LEVEL = "-O";
				VALIDATE_PRODUCT = YES;
			};
			name = Release;
		};
		E75C17DB22BB38AB00E583B4 /* Debug */ = {
			isa = XCBuildConfiguration;
			baseConfigurationReference = C7DFB7EE81B72674B5C5056B /* Pods-VK friend list.debug.xcconfig */;
			buildSettings = {
				ASSETCATALOG_COMPILER_APPICON_NAME = AppIcon;
				CODE_SIGN_STYLE = Automatic;
				INFOPLIST_FILE = "VK friend list/Info.plist";
				LD_RUNPATH_SEARCH_PATHS = (
					"$(inherited)",
					"@executable_path/Frameworks",
				);
				PRODUCT_BUNDLE_IDENTIFIER = "VladimirYakutin.VK-friend-list";
				PRODUCT_NAME = "$(TARGET_NAME)";
				SWIFT_VERSION = 5.0;
				TARGETED_DEVICE_FAMILY = "1,2";
			};
			name = Debug;
		};
		E75C17DC22BB38AB00E583B4 /* Release */ = {
			isa = XCBuildConfiguration;
			baseConfigurationReference = 844351EC4A0D2D54D8416D4A /* Pods-VK friend list.release.xcconfig */;
			buildSettings = {
				ASSETCATALOG_COMPILER_APPICON_NAME = AppIcon;
				CODE_SIGN_STYLE = Automatic;
				INFOPLIST_FILE = "VK friend list/Info.plist";
				LD_RUNPATH_SEARCH_PATHS = (
					"$(inherited)",
					"@executable_path/Frameworks",
				);
				PRODUCT_BUNDLE_IDENTIFIER = "VladimirYakutin.VK-friend-list";
				PRODUCT_NAME = "$(TARGET_NAME)";
				SWIFT_VERSION = 5.0;
				TARGETED_DEVICE_FAMILY = "1,2";
			};
			name = Release;
		};
/* End XCBuildConfiguration section */

/* Begin XCConfigurationList section */
		E75C17C322BB38A900E583B4 /* Build configuration list for PBXProject "VK friend list" */ = {
			isa = XCConfigurationList;
			buildConfigurations = (
				E75C17D822BB38AB00E583B4 /* Debug */,
				E75C17D922BB38AB00E583B4 /* Release */,
			);
			defaultConfigurationIsVisible = 0;
			defaultConfigurationName = Release;
		};
		E75C17DA22BB38AB00E583B4 /* Build configuration list for PBXNativeTarget "VK friend list" */ = {
			isa = XCConfigurationList;
			buildConfigurations = (
				E75C17DB22BB38AB00E583B4 /* Debug */,
				E75C17DC22BB38AB00E583B4 /* Release */,
			);
			defaultConfigurationIsVisible = 0;
			defaultConfigurationName = Release;
		};
/* End XCConfigurationList section */
	};
	rootObject = E75C17C022BB38A900E583B4 /* Project object */;
}
